
Microsoft Visual Studio Solution File, Format Version 12.00
# Visual Studio Version 17
VisualStudioVersion = 17.2.32519.379
MinimumVisualStudioVersion = 10.0.40219.1
Project("{FAE04EC0-301F-11D3-BF4B-00C04F79EFBC}") = "pryFollentiIE", "pryFollentiIE\pryFollentiIE.csproj", "{9AAEEF66-0C81-4449-BFB5-D8EB67E6EB9B}"
EndProject
Global
	GlobalSection(SolutionConfigurationPlatforms) = preSolution
		Debug|Any CPU = Debug|Any CPU
		Release|Any CPU = Release|Any CPU
	EndGlobalSection
	GlobalSection(ProjectConfigurationPlatforms) = postSolution
		{9AAEEF66-0C81-4449-BFB5-D8EB67E6EB9B}.Debug|Any CPU.ActiveCfg = Debug|Any CPU
		{9AAEEF66-0C81-4449-BFB5-D8EB67E6EB9B}.Debug|Any CPU.Build.0 = Debug|Any CPU
		{9AAEEF66-0C81-4449-BFB5-D8EB67E6EB9B}.Release|Any CPU.ActiveCfg = Release|Any CPU
		{9AAEEF66-0C81-4449-BFB5-D8EB67E6EB9B}.Release|Any CPU.Build.0 = Release|Any CPU
	EndGlobalSection
	GlobalSection(SolutionProperties) = preSolution
		HideSolutionNode = FALSE
	EndGlobalSection
	GlobalSection(ExtensibilityGlobals) = postSolution
		SolutionGuid = {2458D901-1115-4AE3-8DEC-E44312AF739A}
	EndGlobalSection
EndGlobal
